{
  "projects": [
    {
      "projectId": "seaQhLVS4bbjiGvJJrRwyL",
      "version": "15.0.3",
      "dependencies": {},
      "lang": "ts",
      "fileLocks": [
        {
          "assetId": "seaQhLVS4bbjiGvJJrRwyL",
          "type": "projectCss",
          "checksum": "dc88471beadb978e51eb3ceb75d10fdb"
        }
      ]
    },
    {
      "projectId": "2WYfoQwhtc91XgFnG8X4ZW",
      "version": "latest",
      "dependencies": {
        "seaQhLVS4bbjiGvJJrRwyL": "15.0.3"
      },
      "lang": "ts",
      "fileLocks": [
        {
          "type": "globalVariant",
          "assetId": "eUYO4emWCRu4ya",
          "checksum": "4eb50e8977d253b8f6d68379af6211e3"
        },
        {
          "assetId": "2WYfoQwhtc91XgFnG8X4ZW",
          "type": "projectCss",
          "checksum": "bf96b46a979c54dc231537c9bdcc0f58"
        },
        {
          "type": "renderModule",
          "assetId": "uh5DbgC8AtZ4m",
          "checksum": "bcbafa78939afdaa1accd2a2c1c87b01"
        },
        {
          "type": "cssRules",
          "assetId": "uh5DbgC8AtZ4m",
          "checksum": "bcbafa78939afdaa1accd2a2c1c87b01"
        },
        {
          "type": "renderModule",
          "assetId": "dmeRWAQYZ6yvz",
          "checksum": "4d0ea13ec393625bff4d4fc0df16295d"
        },
        {
          "type": "cssRules",
          "assetId": "dmeRWAQYZ6yvz",
          "checksum": "4d0ea13ec393625bff4d4fc0df16295d"
        },
        {
          "type": "renderModule",
          "assetId": "2HhSLYleS8XQe",
          "checksum": "23e5b440732564646b685507c5fd0d35"
        },
        {
          "type": "cssRules",
          "assetId": "2HhSLYleS8XQe",
          "checksum": "23e5b440732564646b685507c5fd0d35"
        },
        {
          "type": "renderModule",
          "assetId": "5gWZ8lEMP7UNw",
          "checksum": "b189088e8b1c035a77ef1b6879a30b87"
        },
        {
          "type": "cssRules",
          "assetId": "5gWZ8lEMP7UNw",
          "checksum": "b189088e8b1c035a77ef1b6879a30b87"
        },
        {
          "type": "renderModule",
          "assetId": "et5mJdq774ini",
          "checksum": "a7751529191ac81454855306b4b8e8f4"
        },
        {
          "type": "cssRules",
          "assetId": "et5mJdq774ini",
          "checksum": "a7751529191ac81454855306b4b8e8f4"
        },
        {
          "type": "renderModule",
          "assetId": "2kciu-7Ojyqtb",
          "checksum": "583ce82c85559cc5b0e60877a4b2c764"
        },
        {
          "type": "cssRules",
          "assetId": "2kciu-7Ojyqtb",
          "checksum": "583ce82c85559cc5b0e60877a4b2c764"
        },
        {
          "type": "renderModule",
          "assetId": "XEnxltnTAQSw3",
          "checksum": "848795d9f7a57cf5e17ebe3be60a6bbb"
        },
        {
          "type": "cssRules",
          "assetId": "XEnxltnTAQSw3",
          "checksum": "848795d9f7a57cf5e17ebe3be60a6bbb"
        },
        {
          "type": "renderModule",
          "assetId": "0e5L3EqAFs45F",
          "checksum": "71b0e9e1afd766845ad424ac18c7d503"
        },
        {
          "type": "cssRules",
          "assetId": "0e5L3EqAFs45F",
          "checksum": "71b0e9e1afd766845ad424ac18c7d503"
        },
        {
          "type": "renderModule",
          "assetId": "TcxeWIxGO5uhM",
          "checksum": "21d5f0493a4e56fe7d9eac3df6e8beb9"
        },
        {
          "type": "cssRules",
          "assetId": "TcxeWIxGO5uhM",
          "checksum": "21d5f0493a4e56fe7d9eac3df6e8beb9"
        },
        {
          "type": "renderModule",
          "assetId": "OH6pcQJRQrqxrF",
          "checksum": "20b7ee5abc5ea10fb65bbc928c847011"
        },
        {
          "type": "cssRules",
          "assetId": "OH6pcQJRQrqxrF",
          "checksum": "20b7ee5abc5ea10fb65bbc928c847011"
        },
        {
          "type": "renderModule",
          "assetId": "Rfzh6cn-uwVQmm",
          "checksum": "d99441e9dde269186235a3b7a9342d03"
        },
        {
          "type": "cssRules",
          "assetId": "Rfzh6cn-uwVQmm",
          "checksum": "d99441e9dde269186235a3b7a9342d03"
        },
        {
          "type": "renderModule",
          "assetId": "ZoRMPdlLILJ24J",
          "checksum": "af4b71454012f6027c3dce36c78d9b49"
        },
        {
          "type": "cssRules",
          "assetId": "ZoRMPdlLILJ24J",
          "checksum": "af4b71454012f6027c3dce36c78d9b49"
        },
        {
          "type": "renderModule",
          "assetId": "LAUlrNa7rHZzxX",
          "checksum": "183c5a06ec691ae922b98122acf14074"
        },
        {
          "type": "cssRules",
          "assetId": "LAUlrNa7rHZzxX",
          "checksum": "183c5a06ec691ae922b98122acf14074"
        },
        {
          "type": "renderModule",
          "assetId": "uIHObBvmrvBPTu",
          "checksum": "0d1da9327f3a9b8376988c9df77976cc"
        },
        {
          "type": "cssRules",
          "assetId": "uIHObBvmrvBPTu",
          "checksum": "0d1da9327f3a9b8376988c9df77976cc"
        },
        {
          "type": "renderModule",
          "assetId": "xx6dCNi27Fl4My",
          "checksum": "397248ec23b4e0ea539b7782ba9caef6"
        },
        {
          "type": "cssRules",
          "assetId": "xx6dCNi27Fl4My",
          "checksum": "397248ec23b4e0ea539b7782ba9caef6"
        },
        {
          "type": "renderModule",
          "assetId": "Z4tKjcZmMzufaM",
          "checksum": "9abb6f5fd966a31956eacd13e4dbb64e"
        },
        {
          "type": "cssRules",
          "assetId": "Z4tKjcZmMzufaM",
          "checksum": "9abb6f5fd966a31956eacd13e4dbb64e"
        },
        {
          "type": "renderModule",
          "assetId": "NSFgjBHIEk3ZrL",
          "checksum": "37ca5c97c7e2e2593df06cf859c3d63f"
        },
        {
          "type": "cssRules",
          "assetId": "NSFgjBHIEk3ZrL",
          "checksum": "37ca5c97c7e2e2593df06cf859c3d63f"
        },
        {
          "type": "icon",
          "assetId": "Acu7Vl3TWAbcDC",
          "checksum": "bb84844819e3bf2b396b3e8e49126a93"
        },
        {
          "type": "icon",
          "assetId": "yMK-IZAc5z09HS",
          "checksum": "ee54a7e779094bcfc0199882ea399ee2"
        },
        {
          "type": "icon",
          "assetId": "PNBR62yldTNz0A",
          "checksum": "6ec329aa86e28998484d2821d9a7ef9e"
        },
        {
          "type": "icon",
          "assetId": "nnx2lpZ6PyWWG2",
          "checksum": "eea685ad2c6e82b4e68c61f24711f25c"
        },
        {
          "type": "icon",
          "assetId": "Ld0iz9Qh_u7bkg",
          "checksum": "04da1c18788d67705e2c668ca16ad8ef"
        },
        {
          "type": "icon",
          "assetId": "xY6MTWuIiAZmaG",
          "checksum": "06a563a3c3ddbc5ae6ec35533e7d4368"
        },
        {
          "type": "icon",
          "assetId": "EEXSSSYr3_5jCZ",
          "checksum": "6f2c380741decd5c0066ce37c3e51afc"
        },
        {
          "type": "icon",
          "assetId": "lhNmR8EEbMmWoT",
          "checksum": "8edcaf061555ec9412198770ecc6e5af"
        },
        {
          "type": "icon",
          "assetId": "bhjpysNt--rMLl",
          "checksum": "d8fd71ff2d170bb7a74bdc825c178618"
        },
        {
          "type": "icon",
          "assetId": "BarhNT_xUy8iUL",
          "checksum": "00b4445a287f21ceae25a2ca04bea9c0"
        },
        {
          "type": "icon",
          "assetId": "elG5AIFAz-Xx1f",
          "checksum": "c76bcd22c2ba97ae2819046dad9e89d7"
        },
        {
          "type": "icon",
          "assetId": "1b-zqoLQWQOpIt",
          "checksum": "2024cb152be57414119bf36c6c1d1943"
        },
        {
          "type": "icon",
          "assetId": "XvPpUx3GhTSoip",
          "checksum": "78c8cac9750d618b690f3dac926c38ed"
        },
        {
          "type": "icon",
          "assetId": "6daqJ14Thj0lX5",
          "checksum": "0bfc4f64524a0ffea40a6a0d225495c6"
        },
        {
          "type": "icon",
          "assetId": "QUB5_bSOpM6C8e",
          "checksum": "d0cb192dd24ea6e3a8311daf90894a78"
        },
        {
          "type": "icon",
          "assetId": "JRNON3TYBmMOKh",
          "checksum": "9eccb1b390065853a2af9f32cf3b928f"
        },
        {
          "type": "icon",
          "assetId": "uNOvIigs1kVKTQ",
          "checksum": "9eff159c20b28cff607440bfb3a84ebe"
        },
        {
          "type": "icon",
          "assetId": "cAXFZfP6c4RIbB",
          "checksum": "d52e7a6e6359d288dc1571abe22c8083"
        },
        {
          "type": "icon",
          "assetId": "rbfSvULrICIBpX",
          "checksum": "9a192ff60f2f8b926d9903cf9e09b20c"
        },
        {
          "type": "image",
          "assetId": "wRQTmtEdPVQnl5",
          "checksum": "34fa051f61076830755af57ab2b14d42"
        },
        {
          "type": "image",
          "assetId": "YgWl78U0dTH8XO",
          "checksum": "d0a6430097f6b7b5ba855d23cce948de"
        },
        {
          "type": "image",
          "assetId": "0oop2kqXhat92x",
          "checksum": "33ba64da19c1cfa1f770564a831a5661"
        },
        {
          "type": "image",
          "assetId": "H85-m3f-W0aiBo",
          "checksum": "8db7500678061bdc92bea8d3f19d356c"
        }
      ]
    }
  ],
  "cliVersion": "0.1.134"
}
